
Microsoft Visual Studio Solution File, Format Version 12.00
# Visual Studio Version 17
VisualStudioVersion = 17.10.35122.118
MinimumVisualStudioVersion = 10.0.40219.1
Project("{888888A0-9F3D-457C-B088-3A5042F75D52}") = "Lab_15", "Lab_15\Lab_15.pyproj", "{4FE2DCAF-5FF8-4410-AFD5-1F71BFCDC45C}"
EndProject
Global
	GlobalSection(SolutionConfigurationPlatforms) = preSolution
		Debug|Any CPU = Debug|Any CPU
		Release|Any CPU = Release|Any CPU
	EndGlobalSection
	GlobalSection(ProjectConfigurationPlatforms) = postSolution
		{4FE2DCAF-5FF8-4410-AFD5-1F71BFCDC45C}.Debug|Any CPU.ActiveCfg = Debug|Any CPU
		{4FE2DCAF-5FF8-4410-AFD5-1F71BFCDC45C}.Release|Any CPU.ActiveCfg = Release|Any CPU
	EndGlobalSection
	GlobalSection(SolutionProperties) = preSolution
		HideSolutionNode = FALSE
	EndGlobalSection
	GlobalSection(ExtensibilityGlobals) = postSolution
		SolutionGuid = {0B802042-8202-4188-B368-4454A3AF65F6}
	EndGlobalSection
EndGlobal
